# This file is automatically @generated by Cargo.
# It is not intended for manual editing.
version = 3

[[package]]
name = "blart"
version = "0.4.0"
source = "registry+https://github.com/rust-lang/crates.io-index"
checksum = "220e5685b0a23b634e9215a69cfa9800e103ccd2f0134bd1a81cc9c584059701"
dependencies = [
 "bytemuck",
 "paste",
]

[[package]]
name = "bytemuck"
version = "1.23.2"
source = "registry+https://github.com/rust-lang/crates.io-index"
checksum = "3995eaeebcdf32f91f980d360f78732ddc061097ab4e39991ae7a6ace9194677"

[[package]]
name = "paste"
version = "1.0.15"
source = "registry+https://github.com/rust-lang/crates.io-index"
checksum = "57c0d7b74b563b49d38dae00a0c37d4d6de9b432382b2892f0574ddcae73fd0a"

[[package]]
name = "rust-port"
version = "0.1.0"
dependencies = [
 "blart",
]
